
Microsoft Visual Studio Solution File, Format Version 12.00
# Visual Studio Version 17
VisualStudioVersion = 17.7.34221.43
MinimumVisualStudioVersion = 10.0.40219.1
Project("{FAE04EC0-301F-11D3-BF4B-00C04F79EFBC}") = "bd3", "bd3.csproj", "{6CE248E6-972A-4757-98EA-099FA619D8FC}"
EndProject
Global
	GlobalSection(SolutionConfigurationPlatforms) = preSolution
		Debug|Any CPU = Debug|Any CPU
		Release|Any CPU = Release|Any CPU
	EndGlobalSection
	GlobalSection(ProjectConfigurationPlatforms) = postSolution
		{6CE248E6-972A-4757-98EA-099FA619D8FC}.Debug|Any CPU.ActiveCfg = Debug|Any CPU
		{6CE248E6-972A-4757-98EA-099FA619D8FC}.Debug|Any CPU.Build.0 = Debug|Any CPU
		{6CE248E6-972A-4757-98EA-099FA619D8FC}.Release|Any CPU.ActiveCfg = Release|Any CPU
		{6CE248E6-972A-4757-98EA-099FA619D8FC}.Release|Any CPU.Build.0 = Release|Any CPU
	EndGlobalSection
	GlobalSection(SolutionProperties) = preSolution
		HideSolutionNode = FALSE
	EndGlobalSection
	GlobalSection(ExtensibilityGlobals) = postSolution
		SolutionGuid = {792C1CB6-DA09-42FC-94A5-8A1999FD8227}
	EndGlobalSection
EndGlobal
